
Microsoft Visual Studio Solution File, Format Version 12.00
# Visual Studio Version 17
VisualStudioVersion = 17.9.34616.47
MinimumVisualStudioVersion = 10.0.40219.1
Project("{FAE04EC0-301F-11D3-BF4B-00C04F79EFBC}") = "TorrentCarrier", "TorrentCarrier\TorrentCarrier.csproj", "{BF35B1C5-0609-426F-B51C-5A15A0116AEC}"
EndProject
Global
	GlobalSection(SolutionConfigurationPlatforms) = preSolution
		Debug|Any CPU = Debug|Any CPU
		Release|Any CPU = Release|Any CPU
	EndGlobalSection
	GlobalSection(ProjectConfigurationPlatforms) = postSolution
		{BF35B1C5-0609-426F-B51C-5A15A0116AEC}.Debug|Any CPU.ActiveCfg = Debug|Any CPU
		{BF35B1C5-0609-426F-B51C-5A15A0116AEC}.Debug|Any CPU.Build.0 = Debug|Any CPU
		{BF35B1C5-0609-426F-B51C-5A15A0116AEC}.Release|Any CPU.ActiveCfg = Release|Any CPU
		{BF35B1C5-0609-426F-B51C-5A15A0116AEC}.Release|Any CPU.Build.0 = Release|Any CPU
	EndGlobalSection
	GlobalSection(SolutionProperties) = preSolution
		HideSolutionNode = FALSE
	EndGlobalSection
	GlobalSection(ExtensibilityGlobals) = postSolution
		SolutionGuid = {4962FEA8-3B7C-45AE-AB92-E4C15D6458B1}
	EndGlobalSection
EndGlobal
